
Microsoft Visual Studio Solution File, Format Version 12.00
# Visual Studio Version 17
VisualStudioVersion = 17.9.34723.18
MinimumVisualStudioVersion = 10.0.40219.1
Project("{FAE04EC0-301F-11D3-BF4B-00C04F79EFBC}") = "WpfApp1", "WpfApp1\WpfApp1.csproj", "{31526F6B-4959-4126-BBFE-C5CD833D95BC}"
EndProject
Global
	GlobalSection(SolutionConfigurationPlatforms) = preSolution
		Debug|Any CPU = Debug|Any CPU
		Release|Any CPU = Release|Any CPU
	EndGlobalSection
	GlobalSection(ProjectConfigurationPlatforms) = postSolution
		{31526F6B-4959-4126-BBFE-C5CD833D95BC}.Debug|Any CPU.ActiveCfg = Debug|Any CPU
		{31526F6B-4959-4126-BBFE-C5CD833D95BC}.Debug|Any CPU.Build.0 = Debug|Any CPU
		{31526F6B-4959-4126-BBFE-C5CD833D95BC}.Release|Any CPU.ActiveCfg = Release|Any CPU
		{31526F6B-4959-4126-BBFE-C5CD833D95BC}.Release|Any CPU.Build.0 = Release|Any CPU
	EndGlobalSection
	GlobalSection(SolutionProperties) = preSolution
		HideSolutionNode = FALSE
	EndGlobalSection
	GlobalSection(ExtensibilityGlobals) = postSolution
		SolutionGuid = {2778BDD6-B836-4DCB-8FB1-E8686CA50B28}
	EndGlobalSection
EndGlobal
